// !$*UTF8*$!
{
	archiveVersion = 1;
	classes = {
	};
	objectVersion = 50;
	objects = {

/* Begin PBXBuildFile section */
		49136C69222F73A500F7967D /* AppDelegate.swift in Sources */ = {isa = PBXBuildFile; fileRef = 49136C68222F73A500F7967D /* AppDelegate.swift */; };
		49136C70222F73A700F7967D /* Assets.xcassets in Resources */ = {isa = PBXBuildFile; fileRef = 49136C6F222F73A700F7967D /* Assets.xcassets */; };
		49136C73222F73A700F7967D /* LaunchScreen.storyboard in Resources */ = {isa = PBXBuildFile; fileRef = 49136C71222F73A700F7967D /* LaunchScreen.storyboard */; };
		49136C7E222F73A700F7967D /* demoTests.swift in Sources */ = {isa = PBXBuildFile; fileRef = 49136C7D222F73A700F7967D /* demoTests.swift */; };
		49136C89222F73A700F7967D /* demoUITests.swift in Sources */ = {isa = PBXBuildFile; fileRef = 49136C88222F73A700F7967D /* demoUITests.swift */; };
		49136C98222FA80200F7967D /* RootViewController.swift in Sources */ = {isa = PBXBuildFile; fileRef = 49136C96222FA80200F7967D /* RootViewController.swift */; };
		49136C99222FA80200F7967D /* RootViewController.xib in Resources */ = {isa = PBXBuildFile; fileRef = 49136C97222FA80200F7967D /* RootViewController.xib */; };
		49E6F447223F42C600191AF6 /* 4.png in Resources */ = {isa = PBXBuildFile; fileRef = 49E6F445223F42C600191AF6 /* 4.png */; };
		49E6F448223F42C600191AF6 /* 3.png in Resources */ = {isa = PBXBuildFile; fileRef = 49E6F446223F42C600191AF6 /* 3.png */; };
/* End PBXBuildFile section */

/* Begin PBXContainerItemProxy section */
		49136C7A222F73A700F7967D /* PBXContainerItemProxy */ = {
			isa = PBXContainerItemProxy;
			containerPortal = 49136C5D222F73A500F7967D /* Project object */;
			proxyType = 1;
			remoteGlobalIDString = 49136C64222F73A500F7967D;
			remoteInfo = demo;
		};
		49136C85222F73A700F7967D /* PBXContainerItemProxy */ = {
			isa = PBXContainerItemProxy;
			containerPortal = 49136C5D222F73A500F7967D /* Project object */;
			proxyType = 1;
			remoteGlobalIDString = 49136C64222F73A500F7967D;
			remoteInfo = demo;
		};
/* End PBXContainerItemProxy section */

/* Begin PBXFileReference section */
		49136C65222F73A500F7967D /* demo.app */ = {isa = PBXFileReference; explicitFileType = wrapper.application; includeInIndex = 0; path = demo.app; sourceTree = BUILT_PRODUCTS_DIR; };
		49136C68222F73A500F7967D /* AppDelegate.swift */ = {isa = PBXFileReference; lastKnownFileType = sourcecode.swift; path = AppDelegate.swift; sourceTree = "<group>"; };
		49136C6F222F73A700F7967D /* Assets.xcassets */ = {isa = PBXFileReference; lastKnownFileType = folder.assetcatalog; path = Assets.xcassets; sourceTree = "<group>"; };
		49136C72222F73A700F7967D /* Base */ = {isa = PBXFileReference; lastKnownFileType = file.storyboard; name = Base; path = Base.lproj/LaunchScreen.storyboard; sourceTree = "<group>"; };
		49136C74222F73A700F7967D /* Info.plist */ = {isa = PBXFileReference; lastKnownFileType = text.plist.xml; path = Info.plist; sourceTree = "<group>"; };
		49136C79222F73A700F7967D /* demoTests.xctest */ = {isa = PBXFileReference; explicitFileType = wrapper.cfbundle; includeInIndex = 0; path = demoTests.xctest; sourceTree = BUILT_PRODUCTS_DIR; };
		49136C7D222F73A700F7967D /* demoTests.swift */ = {isa = PBXFileReference; lastKnownFileType = sourcecode.swift; path = demoTests.swift; sourceTree = "<group>"; };
		49136C7F222F73A700F7967D /* Info.plist */ = {isa = PBXFileReference; lastKnownFileType = text.plist.xml; path = Info.plist; sourceTree = "<group>"; };
		49136C84222F73A700F7967D /* demoUITests.xctest */ = {isa = PBXFileReference; explicitFileType = wrapper.cfbundle; includeInIndex = 0; path = demoUITests.xctest; sourceTree = BUILT_PRODUCTS_DIR; };
		49136C88222F73A700F7967D /* demoUITests.swift */ = {isa = PBXFileReference; lastKnownFileType = sourcecode.swift; path = demoUITests.swift; sourceTree = "<group>"; };
		49136C8A222F73A700F7967D /* Info.plist */ = {isa = PBXFileReference; lastKnownFileType = text.plist.xml; path = Info.plist; sourceTree = "<group>"; };
		49136C96222FA80200F7967D /* RootViewController.swift */ = {isa = PBXFileReference; lastKnownFileType = sourcecode.swift; path = RootViewController.swift; sourceTree = "<group>"; };
		49136C97222FA80200F7967D /* RootViewController.xib */ = {isa = PBXFileReference; lastKnownFileType = file.xib; path = RootViewController.xib; sourceTree = "<group>"; };
		49E6F445223F42C600191AF6 /* 4.png */ = {isa = PBXFileReference; lastKnownFileType = image.png; path = 4.png; sourceTree = "<group>"; };
		49E6F446223F42C600191AF6 /* 3.png */ = {isa = PBXFileReference; lastKnownFileType = image.png; path = 3.png; sourceTree = "<group>"; };
/* End PBXFileReference section */

/* Begin PBXFrameworksBuildPhase section */
		49136C62222F73A500F7967D /* Frameworks */ = {
			isa = PBXFrameworksBuildPhase;
			buildActionMask = 2147483647;
			files = (
			);
			runOnlyForDeploymentPostprocessing = 0;
		};
		49136C76222F73A700F7967D /* Frameworks */ = {
			isa = PBXFrameworksBuildPhase;
			buildActionMask = 2147483647;
			files = (
			);
			runOnlyForDeploymentPostprocessing = 0;
		};
		49136C81222F73A700F7967D /* Frameworks */ = {
			isa = PBXFrameworksBuildPhase;
			buildActionMask = 2147483647;
			files = (
			);
			runOnlyForDeploymentPostprocessing = 0;
		};
/* End PBXFrameworksBuildPhase section */

/* Begin PBXGroup section */
		49136C5C222F73A500F7967D = {
			isa = PBXGroup;
			children = (
				49136C67222F73A500F7967D /* demo */,
				49136C7C222F73A700F7967D /* demoTests */,
				49136C87222F73A700F7967D /* demoUITests */,
				49136C66222F73A500F7967D /* Products */,
			);
			sourceTree = "<group>";
		};
		49136C66222F73A500F7967D /* Products */ = {
			isa = PBXGroup;
			children = (
				49136C65222F73A500F7967D /* demo.app */,
				49136C79222F73A700F7967D /* demoTests.xctest */,
				49136C84222F73A700F7967D /* demoUITests.xctest */,
			);
			name = Products;
			sourceTree = "<group>";
		};
		49136C67222F73A500F7967D /* demo */ = {
			isa = PBXGroup;
			children = (
				49E6F444223F42C600191AF6 /* img */,
				49136C96222FA80200F7967D /* RootViewController.swift */,
				49136C97222FA80200F7967D /* RootViewController.xib */,
				49136C68222F73A500F7967D /* AppDelegate.swift */,
				49136C6F222F73A700F7967D /* Assets.xcassets */,
				49136C71222F73A700F7967D /* LaunchScreen.storyboard */,
				49136C74222F73A700F7967D /* Info.plist */,
			);
			path = demo;
			sourceTree = "<group>";
		};
		49136C7C222F73A700F7967D /* demoTests */ = {
			isa = PBXGroup;
			children = (
				49136C7D222F73A700F7967D /* demoTests.swift */,
				49136C7F222F73A700F7967D /* Info.plist */,
			);
			path = demoTests;
			sourceTree = "<group>";
		};
		49136C87222F73A700F7967D /* demoUITests */ = {
			isa = PBXGroup;
			children = (
				49136C88222F73A700F7967D /* demoUITests.swift */,
				49136C8A222F73A700F7967D /* Info.plist */,
			);
			path = demoUITests;
			sourceTree = "<group>";
		};
		49E6F444223F42C600191AF6 /* img */ = {
			isa = PBXGroup;
			children = (
				49E6F445223F42C600191AF6 /* 4.png */,
				49E6F446223F42C600191AF6 /* 3.png */,
			);
			path = img;
			sourceTree = "<group>";
		};
/* End PBXGroup section */

/* Begin PBXNativeTarget section */
		49136C64222F73A500F7967D /* demo */ = {
			isa = PBXNativeTarget;
			buildConfigurationList = 49136C8D222F73A700F7967D /* Build configuration list for PBXNativeTarget "demo" */;
			buildPhases = (
				49136C61222F73A500F7967D /* Sources */,
				49136C62222F73A500F7967D /* Frameworks */,
				49136C63222F73A500F7967D /* Resources */,
			);
			buildRules = (
			);
			dependencies = (
			);
			name = demo;
			productName = demo;
			productReference = 49136C65222F73A500F7967D /* demo.app */;
			productType = "com.apple.product-type.application";
		};
		49136C78222F73A700F7967D /* demoTests */ = {
			isa = PBXNativeTarget;
			buildConfigurationList = 49136C90222F73A700F7967D /* Build configuration list for PBXNativeTarget "demoTests" */;
			buildPhases = (
				49136C75222F73A700F7967D /* Sources */,
				49136C76222F73A700F7967D /* Frameworks */,
				49136C77222F73A700F7967D /* Resources */,
			);
			buildRules = (
			);
			dependencies = (
				49136C7B222F73A700F7967D /* PBXTargetDependency */,
			);
			name = demoTests;
			productName = demoTests;
			productReference = 49136C79222F73A700F7967D /* demoTests.xctest */;
			productType = "com.apple.product-type.bundle.unit-test";
		};
		49136C83222F73A700F7967D /* demoUITests */ = {
			isa = PBXNativeTarget;
			buildConfigurationList = 49136C93222F73A700F7967D /* Build configuration list for PBXNativeTarget "demoUITests" */;
			buildPhases = (
				49136C80222F73A700F7967D /* Sources */,
				49136C81222F73A700F7967D /* Frameworks */,
				49136C82222F73A700F7967D /* Resources */,
			);
			buildRules = (
			);
			dependencies = (
				49136C86222F73A700F7967D /* PBXTargetDependency */,
			);
			name = demoUITests;
			productName = demoUITests;
			productReference = 49136C84222F73A700F7967D /* demoUITests.xctest */;
			productType = "com.apple.product-type.bundle.ui-testing";
		};
/* End PBXNativeTarget section */

/* Begin PBXProject section */
		49136C5D222F73A500F7967D /* Project object */ = {
			isa = PBXProject;
			attributes = {
				LastSwiftUpdateCheck = 0940;
				LastUpgradeCheck = 0940;
				ORGANIZATIONNAME = "supper 华";
				TargetAttributes = {
					49136C64222F73A500F7967D = {
						CreatedOnToolsVersion = 9.4.1;
					};
					49136C78222F73A700F7967D = {
						CreatedOnToolsVersion = 9.4.1;
						TestTargetID = 49136C64222F73A500F7967D;
					};
					49136C83222F73A700F7967D = {
						CreatedOnToolsVersion = 9.4.1;
						TestTargetID = 49136C64222F73A500F7967D;
					};
				};
			};
			buildConfigurationList = 49136C60222F73A500F7967D /* Build configuration list for PBXProject "demo" */;
			compatibilityVersion = "Xcode 9.3";
			developmentRegion = en;
			hasScannedForEncodings = 0;
			knownRegions = (
				en,
				Base,
			);
			mainGroup = 49136C5C222F73A500F7967D;
			productRefGroup = 49136C66222F73A500F7967D /* Products */;
			projectDirPath = "";
			projectRoot = "";
			targets = (
				49136C64222F73A500F7967D /* demo */,
				49136C78222F73A700F7967D /* demoTests */,
				49136C83222F73A700F7967D /* demoUITests */,
			);
		};
/* End PBXProject section */

/* Begin PBXResourcesBuildPhase section */
		49136C63222F73A500F7967D /* Resources */ = {
			isa = PBXResourcesBuildPhase;
			buildActionMask = 2147483647;
			files = (
				49136C73222F73A700F7967D /* LaunchScreen.storyboard in Resources */,
				49136C70222F73A700F7967D /* Assets.xcassets in Resources */,
				49E6F448223F42C600191AF6 /* 3.png in Resources */,
				49E6F447223F42C600191AF6 /* 4.png in Resources */,
				49136C99222FA80200F7967D /* RootViewController.xib in Resources */,
			);
			runOnlyForDeploymentPostprocessing = 0;
		};
		49136C77222F73A700F7967D /* Resources */ = {
			isa = PBXResourcesBuildPhase;
			buildActionMask = 2147483647;
			files = (
			);
			runOnlyForDeploymentPostprocessing = 0;
		};
		49136C82222F73A700F7967D /* Resources */ = {
			isa = PBXResourcesBuildPhase;
			buildActionMask = 2147483647;
			files = (
			);
			runOnlyForDeploymentPostprocessing = 0;
		};
/* End PBXResourcesBuildPhase section */

/* Begin PBXSourcesBuildPhase section */
		49136C61222F73A500F7967D /* Sources */ = {
			isa = PBXSourcesBuildPhase;
			buildActionMask = 2147483647;
			files = (
				49136C98222FA80200F7967D /* RootViewController.swift in Sources */,
				49136C69222F73A500F7967D /* AppDelegate.swift in Sources */,
			);
			runOnlyForDeploymentPostprocessing = 0;
		};
		49136C75222F73A700F7967D /* Sources */ = {
			isa = PBXSourcesBuildPhase;
			buildActionMask = 2147483647;
			files = (
				49136C7E222F73A700F7967D /* demoTests.swift in Sources */,
			);
			runOnlyForDeploymentPostprocessing = 0;
		};
		49136C80222F73A700F7967D /* Sources */ = {
			isa = PBXSourcesBuildPhase;
			buildActionMask = 2147483647;
			files = (
				49136C89222F73A700F7967D /* demoUITests.swift in Sources */,
			);
			runOnlyForDeploymentPostprocessing = 0;
		};
/* End PBXSourcesBuildPhase section */

/* Begin PBXTargetDependency section */
		49136C7B222F73A700F7967D /* PBXTargetDependency */ = {
			isa = PBXTargetDependency;
			target = 49136C64222F73A500F7967D /* demo */;
			targetProxy = 49136C7A222F73A700F7967D /* PBXContainerItemProxy */;
		};
		49136C86222F73A700F7967D /* PBXTargetDependency */ = {
			isa = PBXTargetDependency;
			target = 49136C64222F73A500F7967D /* demo */;
			targetProxy = 49136C85222F73A700F7967D /* PBXContainerItemProxy */;
		};
/* End PBXTargetDependency section */

/* Begin PBXVariantGroup section */
		49136C71222F73A700F7967D /* LaunchScreen.storyboard */ = {
			isa = PBXVariantGroup;
			children = (
				49136C72222F73A700F7967D /* Base */,
			);
			name = LaunchScreen.storyboard;
			sourceTree = "<group>";
		};
/* End PBXVariantGroup section */

/* Begin XCBuildConfiguration section */
		49136C8B222F73A700F7967D /* Debug */ = {
			isa = XCBuildConfiguration;
			buildSettings = {
				ALWAYS_SEARCH_USER_PATHS = NO;
				CLANG_ANALYZER_NONNULL = YES;
				CLANG_ANALYZER_NUMBER_OBJECT_CONVERSION = YES_AGGRESSIVE;
				CLANG_CXX_LANGUAGE_STANDARD = "gnu++14";
				CLANG_CXX_LIBRARY = "libc++";
				CLANG_ENABLE_MODULES = YES;
				CLANG_ENABLE_OBJC_ARC = YES;
				CLANG_ENABLE_OBJC_WEAK = YES;
				CLANG_WARN_BLOCK_CAPTURE_AUTORELEASING = YES;
				CLANG_WARN_BOOL_CONVERSION = YES;
				CLANG_WARN_COMMA = YES;
				CLANG_WARN_CONSTANT_CONVERSION = YES;
				CLANG_WARN_DEPRECATED_OBJC_IMPLEMENTATIONS = YES;
				CLANG_WARN_DIRECT_OBJC_ISA_USAGE = YES_ERROR;
				CLANG_WARN_DOCUMENTATION_COMMENTS = YES;
				CLANG_WARN_EMPTY_BODY = YES;
				CLANG_WARN_ENUM_CONVERSION = YES;
				CLANG_WARN_INFINITE_RECURSION = YES;
				CLANG_WARN_INT_CONVERSION = YES;
				CLANG_WARN_NON_LITERAL_NULL_CONVERSION = YES;
				CLANG_WARN_OBJC_IMPLICIT_RETAIN_SELF = YES;
				CLANG_WARN_OBJC_LITERAL_CONVERSION = YES;
				CLANG_WARN_OBJC_ROOT_CLASS = YES_ERROR;
				CLANG_WARN_RANGE_LOOP_ANALYSIS = YES;
				CLANG_WARN_STRICT_PROTOTYPES = YES;
				CLANG_WARN_SUSPICIOUS_MOVE = YES;
				CLANG_WARN_UNGUARDED_AVAILABILITY = YES_AGGRESSIVE;
				CLANG_WARN_UNREACHABLE_CODE = YES;
				CLANG_WARN__DUPLICATE_METHOD_MATCH = YES;
				CODE_SIGN_IDENTITY = "iPhone Developer";
				COPY_PHASE_STRIP = NO;
				DEBUG_INFORMATION_FORMAT = dwarf;
				ENABLE_STRICT_OBJC_MSGSEND = YES;
				ENABLE_TESTABILITY = YES;
				GCC_C_LANGUAGE_STANDARD = gnu11;
				GCC_DYNAMIC_NO_PIC = NO;
				GCC_NO_COMMON_BLOCKS = YES;
				GCC_OPTIMIZATION_LEVEL = 0;
				GCC_PREPROCESSOR_DEFINITIONS = (
					"DEBUG=1",
					"$(inherited)",
				);
				GCC_WARN_64_TO_32_BIT_CONVERSION = YES;
				GCC_WARN_ABOUT_RETURN_TYPE = YES_ERROR;
				GCC_WARN_UNDECLARED_SELECTOR = YES;
				GCC_WARN_UNINITIALIZED_AUTOS = YES_AGGRESSIVE;
				GCC_WARN_UNUSED_FUNCTION = YES;
				GCC_WARN_UNUSED_VARIABLE = YES;
				IPHONEOS_DEPLOYMENT_TARGET = 11.4;
				MTL_ENABLE_DEBUG_INFO = YES;
				ONLY_ACTIVE_ARCH = YES;
				SDKROOT = iphoneos;
				SWIFT_ACTIVE_COMPILATION_CONDITIONS = DEBUG;
				SWIFT_OPTIMIZATION_LEVEL = "-Onone";
			};
			name = Debug;
		};
		49136C8C222F73A700F7967D /* Release */ = {
			isa = XCBuildConfiguration;
			buildSettings = {
				ALWAYS_SEARCH_USER_PATHS = NO;
				CLANG_ANALYZER_NONNULL = YES;
				CLANG_ANALYZER_NUMBER_OBJECT_CONVERSION = YES_AGGRESSIVE;
				CLANG_CXX_LANGUAGE_STANDARD = "gnu++14";
				CLANG_CXX_LIBRARY = "libc++";
				CLANG_ENABLE_MODULES = YES;
				CLANG_ENABLE_OBJC_ARC = YES;
				CLANG_ENABLE_OBJC_WEAK = YES;
				CLANG_WARN_BLOCK_CAPTURE_AUTORELEASING = YES;
				CLANG_WARN_BOOL_CONVERSION = YES;
				CLANG_WARN_COMMA = YES;
				CLANG_WARN_CONSTANT_CONVERSION = YES;
				CLANG_WARN_DEPRECATED_OBJC_IMPLEMENTATIONS = YES;
				CLANG_WARN_DIRECT_OBJC_ISA_USAGE = YES_ERROR;
				CLANG_WARN_DOCUMENTATION_COMMENTS = YES;
				CLANG_WARN_EMPTY_BODY = YES;
				CLANG_WARN_ENUM_CONVERSION = YES;
				CLANG_WARN_INFINITE_RECURSION = YES;
				CLANG_WARN_INT_CONVERSION = YES;
				CLANG_WARN_NON_LITERAL_NULL_CONVERSION = YES;
				CLANG_WARN_OBJC_IMPLICIT_RETAIN_SELF = YES;
				CLANG_WARN_OBJC_LITERAL_CONVERSION = YES;
				CLANG_WARN_OBJC_ROOT_CLASS = YES_ERROR;
				CLANG_WARN_RANGE_LOOP_ANALYSIS = YES;
				CLANG_WARN_STRICT_PROTOTYPES = YES;
				CLANG_WARN_SUSPICIOUS_MOVE = YES;
				CLANG_WARN_UNGUARDED_AVAILABILITY = YES_AGGRESSIVE;
				CLANG_WARN_UNREACHABLE_CODE = YES;
				CLANG_WARN__DUPLICATE_METHOD_MATCH = YES;
				CODE_SIGN_IDENTITY = "iPhone Developer";
				COPY_PHASE_STRIP = NO;
				DEBUG_INFORMATION_FORMAT = "dwarf-with-dsym";
				ENABLE_NS_ASSERTIONS = NO;
				ENABLE_STRICT_OBJC_MSGSEND = YES;
				GCC_C_LANGUAGE_STANDARD = gnu11;
				GCC_NO_COMMON_BLOCKS = YES;
				GCC_WARN_64_TO_32_BIT_CONVERSION = YES;
				GCC_WARN_ABOUT_RETURN_TYPE = YES_ERROR;
				GCC_WARN_UNDECLARED_SELECTOR = YES;
				GCC_WARN_UNINITIALIZED_AUTOS = YES_AGGRESSIVE;
				GCC_WARN_UNUSED_FUNCTION = YES;
				GCC_WARN_UNUSED_VARIABLE = YES;
				IPHONEOS_DEPLOYMENT_TARGET = 11.4;
				MTL_ENABLE_DEBUG_INFO = NO;
				SDKROOT = iphoneos;
				SWIFT_COMPILATION_MODE = wholemodule;
				SWIFT_OPTIMIZATION_LEVEL = "-O";
				VALIDATE_PRODUCT = YES;
			};
			name = Release;
		};
		49136C8E222F73A700F7967D /* Debug */ = {
			isa = XCBuildConfiguration;
			buildSettings = {
				ASSETCATALOG_COMPILER_APPICON_NAME = AppIcon;
				CODE_SIGN_IDENTITY = "iPhone Developer";
				CODE_SIGN_STYLE = Automatic;
				DEVELOPMENT_TEAM = P5QQ7ZL2AV;
				INFOPLIST_FILE = demo/Info.plist;
				LD_RUNPATH_SEARCH_PATHS = (
					"$(inherited)",
					"@executable_path/Frameworks",
				);
				PRODUCT_BUNDLE_IDENTIFIER = "-111111.demo";
				PRODUCT_NAME = "$(TARGET_NAME)";
				PROVISIONING_PROFILE_SPECIFIER = "";
				SWIFT_VERSION = 4.0;
				TARGETED_DEVICE_FAMILY = "1,2";
			};
			name = Debug;
		};
		49136C8F222F73A700F7967D /* Release */ = {
			isa = XCBuildConfiguration;
			buildSettings = {
				ASSETCATALOG_COMPILER_APPICON_NAME = AppIcon;
				CODE_SIGN_IDENTITY = "iPhone Developer";
				CODE_SIGN_STYLE = Automatic;
				DEVELOPMENT_TEAM = P5QQ7ZL2AV;
				INFOPLIST_FILE = demo/Info.plist;
				LD_RUNPATH_SEARCH_PATHS = (
					"$(inherited)",
					"@executable_path/Frameworks",
				);
				PRODUCT_BUNDLE_IDENTIFIER = "-111111.demo";
				PRODUCT_NAME = "$(TARGET_NAME)";
				PROVISIONING_PROFILE_SPECIFIER = "";
				SWIFT_VERSION = 4.0;
				TARGETED_DEVICE_FAMILY = "1,2";
			};
			name = Release;
		};
		49136C91222F73A700F7967D /* Debug */ = {
			isa = XCBuildConfiguration;
			buildSettings = {
				ALWAYS_EMBED_SWIFT_STANDARD_LIBRARIES = YES;
				BUNDLE_LOADER = "$(TEST_HOST)";
				CODE_SIGN_STYLE = Automatic;
				INFOPLIST_FILE = demoTests/Info.plist;
				LD_RUNPATH_SEARCH_PATHS = (
					"$(inherited)",
					"@executable_path/Frameworks",
					"@loader_path/Frameworks",
				);
				PRODUCT_BUNDLE_IDENTIFIER = "-111111.demoTests";
				PRODUCT_NAME = "$(TARGET_NAME)";
				SWIFT_VERSION = 4.0;
				TARGETED_DEVICE_FAMILY = "1,2";
				TEST_HOST = "$(BUILT_PRODUCTS_DIR)/demo.app/demo";
			};
			name = Debug;
		};
		49136C92222F73A700F7967D /* Release */ = {
			isa = XCBuildConfiguration;
			buildSettings = {
				ALWAYS_EMBED_SWIFT_STANDARD_LIBRARIES = YES;
				BUNDLE_LOADER = "$(TEST_HOST)";
				CODE_SIGN_STYLE = Automatic;
				INFOPLIST_FILE = demoTests/Info.plist;
				LD_RUNPATH_SEARCH_PATHS = (
					"$(inherited)",
					"@executable_path/Frameworks",
					"@loader_path/Frameworks",
				);
				PRODUCT_BUNDLE_IDENTIFIER = "-111111.demoTests";
				PRODUCT_NAME = "$(TARGET_NAME)";
				SWIFT_VERSION = 4.0;
				TARGETED_DEVICE_FAMILY = "1,2";
				TEST_HOST = "$(BUILT_PRODUCTS_DIR)/demo.app/demo";
			};
			name = Release;
		};
		49136C94222F73A700F7967D /* Debug */ = {
			isa = XCBuildConfiguration;
			buildSettings = {
				ALWAYS_EMBED_SWIFT_STANDARD_LIBRARIES = YES;
				CODE_SIGN_STYLE = Automatic;
				INFOPLIST_FILE = demoUITests/Info.plist;
				LD_RUNPATH_SEARCH_PATHS = (
					"$(inherited)",
					"@executable_path/Frameworks",
					"@loader_path/Frameworks",
				);
				PRODUCT_BUNDLE_IDENTIFIER = "-111111.demoUITests";
				PRODUCT_NAME = "$(TARGET_NAME)";
				SWIFT_VERSION = 4.0;
				TARGETED_DEVICE_FAMILY = "1,2";
				TEST_TARGET_NAME = demo;
			};
			name = Debug;
		};
		49136C95222F73A700F7967D /* Release */ = {
			isa = XCBuildConfiguration;
			buildSettings = {
				ALWAYS_EMBED_SWIFT_STANDARD_LIBRARIES = YES;
				CODE_SIGN_STYLE = Automatic;
				INFOPLIST_FILE = demoUITests/Info.plist;
				LD_RUNPATH_SEARCH_PATHS = (
					"$(inherited)",
					"@executable_path/Frameworks",
					"@loader_path/Frameworks",
				);
				PRODUCT_BUNDLE_IDENTIFIER = "-111111.demoUITests";
				PRODUCT_NAME = "$(TARGET_NAME)";
				SWIFT_VERSION = 4.0;
				TARGETED_DEVICE_FAMILY = "1,2";
				TEST_TARGET_NAME = demo;
			};
			name = Release;
		};
/* End XCBuildConfiguration section */

/* Begin XCConfigurationList section */
		49136C60222F73A500F7967D /* Build configuration list for PBXProject "demo" */ = {
			isa = XCConfigurationList;
			buildConfigurations = (
				49136C8B222F73A700F7967D /* Debug */,
				49136C8C222F73A700F7967D /* Release */,
			);
			defaultConfigurationIsVisible = 0;
			defaultConfigurationName = Release;
		};
		49136C8D222F73A700F7967D /* Build configuration list for PBXNativeTarget "demo" */ = {
			isa = XCConfigurationList;
			buildConfigurations = (
				49136C8E222F73A700F7967D /* Debug */,
				49136C8F222F73A700F7967D /* Release */,
			);
			defaultConfigurationIsVisible = 0;
			defaultConfigurationName = Release;
		};
		49136C90222F73A700F7967D /* Build configuration list for PBXNativeTarget "demoTests" */ = {
			isa = XCConfigurationList;
			buildConfigurations = (
				49136C91222F73A700F7967D /* Debug */,
				49136C92222F73A700F7967D /* Release */,
			);
			defaultConfigurationIsVisible = 0;
			defaultConfigurationName = Release;
		};
		49136C93222F73A700F7967D /* Build configuration list for PBXNativeTarget "demoUITests" */ = {
			isa = XCConfigurationList;
			buildConfigurations = (
				49136C94222F73A700F7967D /* Debug */,
				49136C95222F73A700F7967D /* Release */,
			);
			defaultConfigurationIsVisible = 0;
			defaultConfigurationName = Release;
		};
/* End XCConfigurationList section */
	};
	rootObject = 49136C5D222F73A500F7967D /* Project object */;
}
